
Microsoft Visual Studio Solution File, Format Version 12.00
# Visual Studio 2013
VisualStudioVersion = 12.0.31101.0
MinimumVisualStudioVersion = 10.0.40219.1
Project("{FAE04EC0-301F-11D3-BF4B-00C04F79EFBC}") = "WindowsServiceInformation", "WindowsServiceInformation\WindowsServiceInformation.csproj", "{06C03201-523C-4EDD-8B27-282B1C4A3B15}"
EndProject
Project("{FAE04EC0-301F-11D3-BF4B-00C04F79EFBC}") = "WindowsServiceInformationConsole", "WindowsServiceInformationConsole\WindowsServiceInformationConsole.csproj", "{8A1AAAF7-15C4-47B9-845E-9E16A0445AC0}"
EndProject
Project("{FAE04EC0-301F-11D3-BF4B-00C04F79EFBC}") = "ExternalExtension", "ExternalExtension\ExternalExtension.csproj", "{1208C3AF-0C32-493E-8149-9C7CBAC501B2}"
EndProject
Global
	GlobalSection(SolutionConfigurationPlatforms) = preSolution
		Debug|Any CPU = Debug|Any CPU
		Release|Any CPU = Release|Any CPU
	EndGlobalSection
	GlobalSection(ProjectConfigurationPlatforms) = postSolution
		{06C03201-523C-4EDD-8B27-282B1C4A3B15}.Debug|Any CPU.ActiveCfg = Debug|Any CPU
		{06C03201-523C-4EDD-8B27-282B1C4A3B15}.Debug|Any CPU.Build.0 = Debug|Any CPU
		{06C03201-523C-4EDD-8B27-282B1C4A3B15}.Release|Any CPU.ActiveCfg = Release|Any CPU
		{06C03201-523C-4EDD-8B27-282B1C4A3B15}.Release|Any CPU.Build.0 = Release|Any CPU
		{8A1AAAF7-15C4-47B9-845E-9E16A0445AC0}.Debug|Any CPU.ActiveCfg = Debug|Any CPU
		{8A1AAAF7-15C4-47B9-845E-9E16A0445AC0}.Debug|Any CPU.Build.0 = Debug|Any CPU
		{8A1AAAF7-15C4-47B9-845E-9E16A0445AC0}.Release|Any CPU.ActiveCfg = Release|Any CPU
		{8A1AAAF7-15C4-47B9-845E-9E16A0445AC0}.Release|Any CPU.Build.0 = Release|Any CPU
		{1208C3AF-0C32-493E-8149-9C7CBAC501B2}.Debug|Any CPU.ActiveCfg = Debug|Any CPU
		{1208C3AF-0C32-493E-8149-9C7CBAC501B2}.Debug|Any CPU.Build.0 = Debug|Any CPU
		{1208C3AF-0C32-493E-8149-9C7CBAC501B2}.Release|Any CPU.ActiveCfg = Release|Any CPU
		{1208C3AF-0C32-493E-8149-9C7CBAC501B2}.Release|Any CPU.Build.0 = Release|Any CPU
	EndGlobalSection
	GlobalSection(SolutionProperties) = preSolution
		HideSolutionNode = FALSE
	EndGlobalSection
EndGlobal
